<?xml version="1.0" encoding="utf-8"?>
<Project ToolsVersion="4.0" xmlns="http://schemas.microsoft.com/developer/msbuild/2003">
  <ItemGroup>
    <ClCompile Include="src\AntBrainComps.cpp" />
    <ClCompile Include="src\AssetManager.cpp" />
    <ClCompile Include="src\Grid.cpp" />
    <ClCompile Include="src\main.cpp" />
    <ClCompile Include="src\Prefabs.cpp" />
    <ClCompile Include="src\SpatialHash.cpp" />
    <ClCompile Include="src\SpatialQuery.cpp" />
    <ClCompile Include="src\Systems.cpp" />
    <ClCompile Include="src\World.cpp" />
    <ClCompile Include="src\SceneData.cpp" />
    <ClCompile Include="src\WorldGrid.cpp" />
  </ItemGroup>
  <ItemGroup>
    <ClInclude Include="src\AntBrainComps.hpp" />
    <ClInclude Include="src\aspch.hpp" />
    <ClInclude Include="src\AssetManager.hpp" />
    <ClInclude Include="src\DebugComps.hpp" />
    <ClInclude Include="src\GeneralComps.hpp" />
    <ClInclude Include="src\Grid.hpp" />
    <ClInclude Include="src\Prefabs.hpp" />
    <ClInclude Include="src\Random.hpp" />
    <ClInclude Include="src\RenderComps.hpp" />
    <ClInclude Include="src\Settings.hpp" />
    <ClInclude Include="src\SpatialComps.hpp" />
    <ClInclude Include="src\SpatialHash.hpp" />
    <ClInclude Include="src\SpatialQuery.hpp" />
    <ClInclude Include="src\Systems.hpp" />
    <ClInclude Include="src\World.hpp" />
    <ClInclude Include="src\SceneData.hpp" />
    <ClInclude Include="src\WorldGrid.hpp" />
  </ItemGroup>
</Project>